
Microsoft Visual Studio Solution File, Format Version 12.00
# Visual Studio 14
VisualStudioVersion = 14.0.23107.0
MinimumVisualStudioVersion = 10.0.40219.1
Project("{FAE04EC0-301F-11D3-BF4B-00C04F79EFBC}") = "Cqrsexy.Core", "Cqrsexy.Core\Cqrsexy.Core.csproj", "{7FE388F9-085F-41DD-BA8D-244BD39B968E}"
EndProject
Project("{FAE04EC0-301F-11D3-BF4B-00C04F79EFBC}") = "Cqrsexy.Tests", "Cqrsexy.Tests\Cqrsexy.Tests.csproj", "{48F523D1-17F2-439F-9735-C1149037B325}"
EndProject
Project("{F2A71F9B-5D33-465A-A702-920D77279786}") = "Cqrsexy.Events", "Cqrsexy.Events\Cqrsexy.Events.fsproj", "{B341082B-E7AC-4CDA-A9C1-1A7551E0626A}"
EndProject
Global
	GlobalSection(SolutionConfigurationPlatforms) = preSolution
		Debug|Any CPU = Debug|Any CPU
		Release|Any CPU = Release|Any CPU
	EndGlobalSection
	GlobalSection(ProjectConfigurationPlatforms) = postSolution
		{7FE388F9-085F-41DD-BA8D-244BD39B968E}.Debug|Any CPU.ActiveCfg = Debug|Any CPU
		{7FE388F9-085F-41DD-BA8D-244BD39B968E}.Debug|Any CPU.Build.0 = Debug|Any CPU
		{7FE388F9-085F-41DD-BA8D-244BD39B968E}.Release|Any CPU.ActiveCfg = Release|Any CPU
		{7FE388F9-085F-41DD-BA8D-244BD39B968E}.Release|Any CPU.Build.0 = Release|Any CPU
		{48F523D1-17F2-439F-9735-C1149037B325}.Debug|Any CPU.ActiveCfg = Debug|Any CPU
		{48F523D1-17F2-439F-9735-C1149037B325}.Debug|Any CPU.Build.0 = Debug|Any CPU
		{48F523D1-17F2-439F-9735-C1149037B325}.Release|Any CPU.ActiveCfg = Release|Any CPU
		{48F523D1-17F2-439F-9735-C1149037B325}.Release|Any CPU.Build.0 = Release|Any CPU
		{B341082B-E7AC-4CDA-A9C1-1A7551E0626A}.Debug|Any CPU.ActiveCfg = Debug|Any CPU
		{B341082B-E7AC-4CDA-A9C1-1A7551E0626A}.Debug|Any CPU.Build.0 = Debug|Any CPU
		{B341082B-E7AC-4CDA-A9C1-1A7551E0626A}.Release|Any CPU.ActiveCfg = Release|Any CPU
		{B341082B-E7AC-4CDA-A9C1-1A7551E0626A}.Release|Any CPU.Build.0 = Release|Any CPU
	EndGlobalSection
	GlobalSection(SolutionProperties) = preSolution
		HideSolutionNode = FALSE
	EndGlobalSection
EndGlobal
