
Microsoft Visual Studio Solution File, Format Version 12.00
# Visual Studio 2012
Project("{FAE04EC0-301F-11D3-BF4B-00C04F79EFBC}") = "Cqrsexy.Core", "Cqrsexy.Core\Cqrsexy.Core.csproj", "{7FE388F9-085F-41DD-BA8D-244BD39B968E}"
EndProject
Project("{FAE04EC0-301F-11D3-BF4B-00C04F79EFBC}") = "Cqrsexy.Persistence", "Cqrsexy.Persistence\Cqrsexy.Persistence.csproj", "{6E6228F7-F4E2-4F70-8859-E9D898C15131}"
EndProject
Project("{2150E333-8FDC-42A3-9474-1A3956D46DE8}") = "Persistence", "Persistence", "{08B26AFF-A3FE-4277-9A64-6DA23B40DC82}"
EndProject
Project("{FAE04EC0-301F-11D3-BF4B-00C04F79EFBC}") = "Cqrsexy.Domain", "Cqrsexy.Domain\Cqrsexy.Domain.csproj", "{8B245CAA-F9CB-47F0-B206-7E8E3ECCAEB4}"
EndProject
Project("{FAE04EC0-301F-11D3-BF4B-00C04F79EFBC}") = "Cqrsexy.Api", "Cqrsexy.Api\Cqrsexy.Api.csproj", "{C1914149-40F4-46FE-A3ED-0F9FA92FA7C1}"
EndProject
Project("{F2A71F9B-5D33-465A-A702-920D77279786}") = "Cqrsexy.DomainMessages", "Cqrsexy.DomainMessages\Cqrsexy.DomainMessages.fsproj", "{6106809D-BC2B-4936-A57C-655A3A42FCAF}"
EndProject
Project("{2150E333-8FDC-42A3-9474-1A3956D46DE8}") = "Domain", "Domain", "{597CE891-0B6C-4AE3-854B-7324279B7CDA}"
EndProject
Project("{2150E333-8FDC-42A3-9474-1A3956D46DE8}") = "Tests", "Tests", "{2727CB36-080D-416C-B59A-45543A809D4C}"
EndProject
Project("{FAE04EC0-301F-11D3-BF4B-00C04F79EFBC}") = "Cqrsexy.Architecture.Tests", "Cqrsexy.Architecture.Tests\Cqrsexy.Architecture.Tests.csproj", "{D39A9E7E-ABDC-4983-B892-F9E1D2A598BA}"
EndProject
Project("{FAE04EC0-301F-11D3-BF4B-00C04F79EFBC}") = "Cqrsexy.Domain.Tests", "Cqrsexy.Domain.Tests\Cqrsexy.Domain.Tests.csproj", "{E2299834-8E4B-4D01-AF0A-C02AF3B01E8B}"
EndProject
Global
	GlobalSection(SolutionConfigurationPlatforms) = preSolution
		Debug|Any CPU = Debug|Any CPU
		Release|Any CPU = Release|Any CPU
	EndGlobalSection
	GlobalSection(ProjectConfigurationPlatforms) = postSolution
		{7FE388F9-085F-41DD-BA8D-244BD39B968E}.Debug|Any CPU.ActiveCfg = Debug|Any CPU
		{7FE388F9-085F-41DD-BA8D-244BD39B968E}.Debug|Any CPU.Build.0 = Debug|Any CPU
		{7FE388F9-085F-41DD-BA8D-244BD39B968E}.Release|Any CPU.ActiveCfg = Release|Any CPU
		{7FE388F9-085F-41DD-BA8D-244BD39B968E}.Release|Any CPU.Build.0 = Release|Any CPU
		{6E6228F7-F4E2-4F70-8859-E9D898C15131}.Debug|Any CPU.ActiveCfg = Debug|Any CPU
		{6E6228F7-F4E2-4F70-8859-E9D898C15131}.Debug|Any CPU.Build.0 = Debug|Any CPU
		{6E6228F7-F4E2-4F70-8859-E9D898C15131}.Release|Any CPU.ActiveCfg = Release|Any CPU
		{6E6228F7-F4E2-4F70-8859-E9D898C15131}.Release|Any CPU.Build.0 = Release|Any CPU
		{8B245CAA-F9CB-47F0-B206-7E8E3ECCAEB4}.Debug|Any CPU.ActiveCfg = Debug|Any CPU
		{8B245CAA-F9CB-47F0-B206-7E8E3ECCAEB4}.Debug|Any CPU.Build.0 = Debug|Any CPU
		{8B245CAA-F9CB-47F0-B206-7E8E3ECCAEB4}.Release|Any CPU.ActiveCfg = Release|Any CPU
		{8B245CAA-F9CB-47F0-B206-7E8E3ECCAEB4}.Release|Any CPU.Build.0 = Release|Any CPU
		{C1914149-40F4-46FE-A3ED-0F9FA92FA7C1}.Debug|Any CPU.ActiveCfg = Debug|Any CPU
		{C1914149-40F4-46FE-A3ED-0F9FA92FA7C1}.Debug|Any CPU.Build.0 = Debug|Any CPU
		{C1914149-40F4-46FE-A3ED-0F9FA92FA7C1}.Release|Any CPU.ActiveCfg = Release|Any CPU
		{C1914149-40F4-46FE-A3ED-0F9FA92FA7C1}.Release|Any CPU.Build.0 = Release|Any CPU
		{6106809D-BC2B-4936-A57C-655A3A42FCAF}.Debug|Any CPU.ActiveCfg = Debug|Any CPU
		{6106809D-BC2B-4936-A57C-655A3A42FCAF}.Debug|Any CPU.Build.0 = Debug|Any CPU
		{6106809D-BC2B-4936-A57C-655A3A42FCAF}.Release|Any CPU.ActiveCfg = Release|Any CPU
		{6106809D-BC2B-4936-A57C-655A3A42FCAF}.Release|Any CPU.Build.0 = Release|Any CPU
		{D39A9E7E-ABDC-4983-B892-F9E1D2A598BA}.Debug|Any CPU.ActiveCfg = Debug|Any CPU
		{D39A9E7E-ABDC-4983-B892-F9E1D2A598BA}.Debug|Any CPU.Build.0 = Debug|Any CPU
		{D39A9E7E-ABDC-4983-B892-F9E1D2A598BA}.Release|Any CPU.ActiveCfg = Release|Any CPU
		{D39A9E7E-ABDC-4983-B892-F9E1D2A598BA}.Release|Any CPU.Build.0 = Release|Any CPU
		{E2299834-8E4B-4D01-AF0A-C02AF3B01E8B}.Debug|Any CPU.ActiveCfg = Debug|Any CPU
		{E2299834-8E4B-4D01-AF0A-C02AF3B01E8B}.Debug|Any CPU.Build.0 = Debug|Any CPU
		{E2299834-8E4B-4D01-AF0A-C02AF3B01E8B}.Release|Any CPU.ActiveCfg = Release|Any CPU
		{E2299834-8E4B-4D01-AF0A-C02AF3B01E8B}.Release|Any CPU.Build.0 = Release|Any CPU
	EndGlobalSection
	GlobalSection(SolutionProperties) = preSolution
		HideSolutionNode = FALSE
	EndGlobalSection
	GlobalSection(NestedProjects) = preSolution
		{8B245CAA-F9CB-47F0-B206-7E8E3ECCAEB4} = {597CE891-0B6C-4AE3-854B-7324279B7CDA}
		{C1914149-40F4-46FE-A3ED-0F9FA92FA7C1} = {597CE891-0B6C-4AE3-854B-7324279B7CDA}
		{6106809D-BC2B-4936-A57C-655A3A42FCAF} = {597CE891-0B6C-4AE3-854B-7324279B7CDA}
		{7FE388F9-085F-41DD-BA8D-244BD39B968E} = {597CE891-0B6C-4AE3-854B-7324279B7CDA}
		{D39A9E7E-ABDC-4983-B892-F9E1D2A598BA} = {2727CB36-080D-416C-B59A-45543A809D4C}
		{E2299834-8E4B-4D01-AF0A-C02AF3B01E8B} = {2727CB36-080D-416C-B59A-45543A809D4C}
		{6E6228F7-F4E2-4F70-8859-E9D898C15131} = {08B26AFF-A3FE-4277-9A64-6DA23B40DC82}
	EndGlobalSection
EndGlobal
